// !$*UTF8*$!
{
	archiveVersion = 1;
	classes = {
	};
	objectVersion = 56;
	objects = {

/* Begin PBXBuildFile section */
		1FB222D62B03B86D00A6E3FF /* ColorApp.swift in Sources */ = {isa = PBXBuildFile; fileRef = 1FB222D52B03B86D00A6E3FF /* ColorApp.swift */; };
		1FB222D82B03B86D00A6E3FF /* ContentView.swift in Sources */ = {isa = PBXBuildFile; fileRef = 1FB222D72B03B86D00A6E3FF /* ContentView.swift */; };
		1FB222DC2B03B86F00A6E3FF /* Assets.xcassets in Resources */ = {isa = PBXBuildFile; fileRef = 1FB222DB2B03B86F00A6E3FF /* Assets.xcassets */; };
		1FB222DF2B03B86F00A6E3FF /* Preview Assets.xcassets in Resources */ = {isa = PBXBuildFile; fileRef = 1FB222DE2B03B86F00A6E3FF /* Preview Assets.xcassets */; };
		1FB222E62B03B8C800A6E3FF /* DenkOne-Regular.ttf in Resources */ = {isa = PBXBuildFile; fileRef = 1FB222E52B03B8C800A6E3FF /* DenkOne-Regular.ttf */; };
		1FB222E82B03B8D600A6E3FF /* ZillaSlab-Bold.ttf in Resources */ = {isa = PBXBuildFile; fileRef = 1FB222E72B03B8D600A6E3FF /* ZillaSlab-Bold.ttf */; };
		1FB222EA2B03B97F00A6E3FF /* SearchColors.swift in Sources */ = {isa = PBXBuildFile; fileRef = 1FB222E92B03B97F00A6E3FF /* SearchColors.swift */; };
		1FB222EF2B03BBE700A6E3FF /* MenuView.swift in Sources */ = {isa = PBXBuildFile; fileRef = 1FB222EE2B03BBE700A6E3FF /* MenuView.swift */; };
		1FB222F12B03BCEA00A6E3FF /* DowlandAnimate.swift in Sources */ = {isa = PBXBuildFile; fileRef = 1FB222F02B03BCEA00A6E3FF /* DowlandAnimate.swift */; };
/* End PBXBuildFile section */

/* Begin PBXFileReference section */
		1FB222D22B03B86D00A6E3FF /* Color.app */ = {isa = PBXFileReference; explicitFileType = wrapper.application; includeInIndex = 0; path = Color.app; sourceTree = BUILT_PRODUCTS_DIR; };
		1FB222D52B03B86D00A6E3FF /* ColorApp.swift */ = {isa = PBXFileReference; lastKnownFileType = sourcecode.swift; path = ColorApp.swift; sourceTree = "<group>"; };
		1FB222D72B03B86D00A6E3FF /* ContentView.swift */ = {isa = PBXFileReference; lastKnownFileType = sourcecode.swift; path = ContentView.swift; sourceTree = "<group>"; };
		1FB222DB2B03B86F00A6E3FF /* Assets.xcassets */ = {isa = PBXFileReference; lastKnownFileType = folder.assetcatalog; path = Assets.xcassets; sourceTree = "<group>"; };
		1FB222DE2B03B86F00A6E3FF /* Preview Assets.xcassets */ = {isa = PBXFileReference; lastKnownFileType = folder.assetcatalog; path = "Preview Assets.xcassets"; sourceTree = "<group>"; };
		1FB222E52B03B8C800A6E3FF /* DenkOne-Regular.ttf */ = {isa = PBXFileReference; lastKnownFileType = file; path = "DenkOne-Regular.ttf"; sourceTree = "<group>"; };
		1FB222E72B03B8D600A6E3FF /* ZillaSlab-Bold.ttf */ = {isa = PBXFileReference; lastKnownFileType = file; path = "ZillaSlab-Bold.ttf"; sourceTree = "<group>"; };
		1FB222E92B03B97F00A6E3FF /* SearchColors.swift */ = {isa = PBXFileReference; lastKnownFileType = sourcecode.swift; path = SearchColors.swift; sourceTree = "<group>"; };
		1FB222EE2B03BBE700A6E3FF /* MenuView.swift */ = {isa = PBXFileReference; lastKnownFileType = sourcecode.swift; path = MenuView.swift; sourceTree = "<group>"; };
		1FB222F02B03BCEA00A6E3FF /* DowlandAnimate.swift */ = {isa = PBXFileReference; lastKnownFileType = sourcecode.swift; path = DowlandAnimate.swift; sourceTree = "<group>"; };
		1FB222F32B03BE6600A6E3FF /* Info.plist */ = {isa = PBXFileReference; lastKnownFileType = text.plist.xml; path = Info.plist; sourceTree = "<group>"; };
/* End PBXFileReference section */

/* Begin PBXFrameworksBuildPhase section */
		1FB222CF2B03B86D00A6E3FF /* Frameworks */ = {
			isa = PBXFrameworksBuildPhase;
			buildActionMask = 2147483647;
			files = (
			);
			runOnlyForDeploymentPostprocessing = 0;
		};
/* End PBXFrameworksBuildPhase section */

/* Begin PBXGroup section */
		1FB222C92B03B86D00A6E3FF = {
			isa = PBXGroup;
			children = (
				1FB222D42B03B86D00A6E3FF /* Color */,
				1FB222D32B03B86D00A6E3FF /* Products */,
			);
			sourceTree = "<group>";
		};
		1FB222D32B03B86D00A6E3FF /* Products */ = {
			isa = PBXGroup;
			children = (
				1FB222D22B03B86D00A6E3FF /* Color.app */,
			);
			name = Products;
			sourceTree = "<group>";
		};
		1FB222D42B03B86D00A6E3FF /* Color */ = {
			isa = PBXGroup;
			children = (
				1FB222D52B03B86D00A6E3FF /* ColorApp.swift */,
				1FB222EB2B03BB2A00A6E3FF /* Fonts */,
				1FB222EC2B03BB7100A6E3FF /* ViewColor */,
				1FB222ED2B03BBAC00A6E3FF /* Menu */,
				1FB222F22B03BD0F00A6E3FF /* AppWindow */,
				1FB222F32B03BE6600A6E3FF /* Info.plist */,
				1FB222DB2B03B86F00A6E3FF /* Assets.xcassets */,
				1FB222DD2B03B86F00A6E3FF /* Preview Content */,
			);
			path = Color;
			sourceTree = "<group>";
		};
		1FB222DD2B03B86F00A6E3FF /* Preview Content */ = {
			isa = PBXGroup;
			children = (
				1FB222DE2B03B86F00A6E3FF /* Preview Assets.xcassets */,
			);
			path = "Preview Content";
			sourceTree = "<group>";
		};
		1FB222EB2B03BB2A00A6E3FF /* Fonts */ = {
			isa = PBXGroup;
			children = (
				1FB222E72B03B8D600A6E3FF /* ZillaSlab-Bold.ttf */,
				1FB222E52B03B8C800A6E3FF /* DenkOne-Regular.ttf */,
			);
			path = Fonts;
			sourceTree = "<group>";
		};
		1FB222EC2B03BB7100A6E3FF /* ViewColor */ = {
			isa = PBXGroup;
			children = (
				1FB222D72B03B86D00A6E3FF /* ContentView.swift */,
				1FB222E92B03B97F00A6E3FF /* SearchColors.swift */,
			);
			path = ViewColor;
			sourceTree = "<group>";
		};
		1FB222ED2B03BBAC00A6E3FF /* Menu */ = {
			isa = PBXGroup;
			children = (
				1FB222EE2B03BBE700A6E3FF /* MenuView.swift */,
			);
			path = Menu;
			sourceTree = "<group>";
		};
		1FB222F22B03BD0F00A6E3FF /* AppWindow */ = {
			isa = PBXGroup;
			children = (
				1FB222F02B03BCEA00A6E3FF /* DowlandAnimate.swift */,
			);
			path = AppWindow;
			sourceTree = "<group>";
		};
/* End PBXGroup section */

/* Begin PBXNativeTarget section */
		1FB222D12B03B86D00A6E3FF /* Color */ = {
			isa = PBXNativeTarget;
			buildConfigurationList = 1FB222E22B03B86F00A6E3FF /* Build configuration list for PBXNativeTarget "Color" */;
			buildPhases = (
				1FB222CE2B03B86D00A6E3FF /* Sources */,
				1FB222CF2B03B86D00A6E3FF /* Frameworks */,
				1FB222D02B03B86D00A6E3FF /* Resources */,
			);
			buildRules = (
			);
			dependencies = (
			);
			name = Color;
			productName = Color;
			productReference = 1FB222D22B03B86D00A6E3FF /* Color.app */;
			productType = "com.apple.product-type.application";
		};
/* End PBXNativeTarget section */

/* Begin PBXProject section */
		1FB222CA2B03B86D00A6E3FF /* Project object */ = {
			isa = PBXProject;
			attributes = {
				BuildIndependentTargetsInParallel = 1;
				LastSwiftUpdateCheck = 1500;
				LastUpgradeCheck = 1500;
				TargetAttributes = {
					1FB222D12B03B86D00A6E3FF = {
						CreatedOnToolsVersion = 15.0.1;
					};
				};
			};
			buildConfigurationList = 1FB222CD2B03B86D00A6E3FF /* Build configuration list for PBXProject "Color" */;
			compatibilityVersion = "Xcode 14.0";
			developmentRegion = en;
			hasScannedForEncodings = 0;
			knownRegions = (
				en,
				Base,
			);
			mainGroup = 1FB222C92B03B86D00A6E3FF;
			productRefGroup = 1FB222D32B03B86D00A6E3FF /* Products */;
			projectDirPath = "";
			projectRoot = "";
			targets = (
				1FB222D12B03B86D00A6E3FF /* Color */,
			);
		};
/* End PBXProject section */

/* Begin PBXResourcesBuildPhase section */
		1FB222D02B03B86D00A6E3FF /* Resources */ = {
			isa = PBXResourcesBuildPhase;
			buildActionMask = 2147483647;
			files = (
				1FB222DF2B03B86F00A6E3FF /* Preview Assets.xcassets in Resources */,
				1FB222E62B03B8C800A6E3FF /* DenkOne-Regular.ttf in Resources */,
				1FB222E82B03B8D600A6E3FF /* ZillaSlab-Bold.ttf in Resources */,
				1FB222DC2B03B86F00A6E3FF /* Assets.xcassets in Resources */,
			);
			runOnlyForDeploymentPostprocessing = 0;
		};
/* End PBXResourcesBuildPhase section */

/* Begin PBXSourcesBuildPhase section */
		1FB222CE2B03B86D00A6E3FF /* Sources */ = {
			isa = PBXSourcesBuildPhase;
			buildActionMask = 2147483647;
			files = (
				1FB222EF2B03BBE700A6E3FF /* MenuView.swift in Sources */,
				1FB222F12B03BCEA00A6E3FF /* DowlandAnimate.swift in Sources */,
				1FB222D82B03B86D00A6E3FF /* ContentView.swift in Sources */,
				1FB222EA2B03B97F00A6E3FF /* SearchColors.swift in Sources */,
				1FB222D62B03B86D00A6E3FF /* ColorApp.swift in Sources */,
			);
			runOnlyForDeploymentPostprocessing = 0;
		};
/* End PBXSourcesBuildPhase section */

/* Begin XCBuildConfiguration section */
		1FB222E02B03B86F00A6E3FF /* Debug */ = {
			isa = XCBuildConfiguration;
			buildSettings = {
				ALWAYS_SEARCH_USER_PATHS = NO;
				ASSETCATALOG_COMPILER_GENERATE_SWIFT_ASSET_SYMBOL_EXTENSIONS = YES;
				CLANG_ANALYZER_NONNULL = YES;
				CLANG_ANALYZER_NUMBER_OBJECT_CONVERSION = YES_AGGRESSIVE;
				CLANG_CXX_LANGUAGE_STANDARD = "gnu++20";
				CLANG_ENABLE_MODULES = YES;
				CLANG_ENABLE_OBJC_ARC = YES;
				CLANG_ENABLE_OBJC_WEAK = YES;
				CLANG_WARN_BLOCK_CAPTURE_AUTORELEASING = YES;
				CLANG_WARN_BOOL_CONVERSION = YES;
				CLANG_WARN_COMMA = YES;
				CLANG_WARN_CONSTANT_CONVERSION = YES;
				CLANG_WARN_DEPRECATED_OBJC_IMPLEMENTATIONS = YES;
				CLANG_WARN_DIRECT_OBJC_ISA_USAGE = YES_ERROR;
				CLANG_WARN_DOCUMENTATION_COMMENTS = YES;
				CLANG_WARN_EMPTY_BODY = YES;
				CLANG_WARN_ENUM_CONVERSION = YES;
				CLANG_WARN_INFINITE_RECURSION = YES;
				CLANG_WARN_INT_CONVERSION = YES;
				CLANG_WARN_NON_LITERAL_NULL_CONVERSION = YES;
				CLANG_WARN_OBJC_IMPLICIT_RETAIN_SELF = YES;
				CLANG_WARN_OBJC_LITERAL_CONVERSION = YES;
				CLANG_WARN_OBJC_ROOT_CLASS = YES_ERROR;
				CLANG_WARN_QUOTED_INCLUDE_IN_FRAMEWORK_HEADER = YES;
				CLANG_WARN_RANGE_LOOP_ANALYSIS = YES;
				CLANG_WARN_STRICT_PROTOTYPES = YES;
				CLANG_WARN_SUSPICIOUS_MOVE = YES;
				CLANG_WARN_UNGUARDED_AVAILABILITY = YES_AGGRESSIVE;
				CLANG_WARN_UNREACHABLE_CODE = YES;
				CLANG_WARN__DUPLICATE_METHOD_MATCH = YES;
				COPY_PHASE_STRIP = NO;
				DEBUG_INFORMATION_FORMAT = dwarf;
				ENABLE_STRICT_OBJC_MSGSEND = YES;
				ENABLE_TESTABILITY = YES;
				ENABLE_USER_SCRIPT_SANDBOXING = YES;
				GCC_C_LANGUAGE_STANDARD = gnu17;
				GCC_DYNAMIC_NO_PIC = NO;
				GCC_NO_COMMON_BLOCKS = YES;
				GCC_OPTIMIZATION_LEVEL = 0;
				GCC_PREPROCESSOR_DEFINITIONS = (
					"DEBUG=1",
					"$(inherited)",
				);
				GCC_WARN_64_TO_32_BIT_CONVERSION = YES;
				GCC_WARN_ABOUT_RETURN_TYPE = YES_ERROR;
				GCC_WARN_UNDECLARED_SELECTOR = YES;
				GCC_WARN_UNINITIALIZED_AUTOS = YES_AGGRESSIVE;
				GCC_WARN_UNUSED_FUNCTION = YES;
				GCC_WARN_UNUSED_VARIABLE = YES;
				IPHONEOS_DEPLOYMENT_TARGET = 17.0;
				LOCALIZATION_PREFERS_STRING_CATALOGS = YES;
				MTL_ENABLE_DEBUG_INFO = INCLUDE_SOURCE;
				MTL_FAST_MATH = YES;
				ONLY_ACTIVE_ARCH = YES;
				SDKROOT = iphoneos;
				SWIFT_ACTIVE_COMPILATION_CONDITIONS = "DEBUG $(inherited)";
				SWIFT_OPTIMIZATION_LEVEL = "-Onone";
			};
			name = Debug;
		};
		1FB222E12B03B86F00A6E3FF /* Release */ = {
			isa = XCBuildConfiguration;
			buildSettings = {
				ALWAYS_SEARCH_USER_PATHS = NO;
				ASSETCATALOG_COMPILER_GENERATE_SWIFT_ASSET_SYMBOL_EXTENSIONS = YES;
				CLANG_ANALYZER_NONNULL = YES;
				CLANG_ANALYZER_NUMBER_OBJECT_CONVERSION = YES_AGGRESSIVE;
				CLANG_CXX_LANGUAGE_STANDARD = "gnu++20";
				CLANG_ENABLE_MODULES = YES;
				CLANG_ENABLE_OBJC_ARC = YES;
				CLANG_ENABLE_OBJC_WEAK = YES;
				CLANG_WARN_BLOCK_CAPTURE_AUTORELEASING = YES;
				CLANG_WARN_BOOL_CONVERSION = YES;
				CLANG_WARN_COMMA = YES;
				CLANG_WARN_CONSTANT_CONVERSION = YES;
				CLANG_WARN_DEPRECATED_OBJC_IMPLEMENTATIONS = YES;
				CLANG_WARN_DIRECT_OBJC_ISA_USAGE = YES_ERROR;
				CLANG_WARN_DOCUMENTATION_COMMENTS = YES;
				CLANG_WARN_EMPTY_BODY = YES;
				CLANG_WARN_ENUM_CONVERSION = YES;
				CLANG_WARN_INFINITE_RECURSION = YES;
				CLANG_WARN_INT_CONVERSION = YES;
				CLANG_WARN_NON_LITERAL_NULL_CONVERSION = YES;
				CLANG_WARN_OBJC_IMPLICIT_RETAIN_SELF = YES;
				CLANG_WARN_OBJC_LITERAL_CONVERSION = YES;
				CLANG_WARN_OBJC_ROOT_CLASS = YES_ERROR;
				CLANG_WARN_QUOTED_INCLUDE_IN_FRAMEWORK_HEADER = YES;
				CLANG_WARN_RANGE_LOOP_ANALYSIS = YES;
				CLANG_WARN_STRICT_PROTOTYPES = YES;
				CLANG_WARN_SUSPICIOUS_MOVE = YES;
				CLANG_WARN_UNGUARDED_AVAILABILITY = YES_AGGRESSIVE;
				CLANG_WARN_UNREACHABLE_CODE = YES;
				CLANG_WARN__DUPLICATE_METHOD_MATCH = YES;
				COPY_PHASE_STRIP = NO;
				DEBUG_INFORMATION_FORMAT = "dwarf-with-dsym";
				ENABLE_NS_ASSERTIONS = NO;
				ENABLE_STRICT_OBJC_MSGSEND = YES;
				ENABLE_USER_SCRIPT_SANDBOXING = YES;
				GCC_C_LANGUAGE_STANDARD = gnu17;
				GCC_NO_COMMON_BLOCKS = YES;
				GCC_WARN_64_TO_32_BIT_CONVERSION = YES;
				GCC_WARN_ABOUT_RETURN_TYPE = YES_ERROR;
				GCC_WARN_UNDECLARED_SELECTOR = YES;
				GCC_WARN_UNINITIALIZED_AUTOS = YES_AGGRESSIVE;
				GCC_WARN_UNUSED_FUNCTION = YES;
				GCC_WARN_UNUSED_VARIABLE = YES;
				IPHONEOS_DEPLOYMENT_TARGET = 17.0;
				LOCALIZATION_PREFERS_STRING_CATALOGS = YES;
				MTL_ENABLE_DEBUG_INFO = NO;
				MTL_FAST_MATH = YES;
				SDKROOT = iphoneos;
				SWIFT_COMPILATION_MODE = wholemodule;
				VALIDATE_PRODUCT = YES;
			};
			name = Release;
		};
		1FB222E32B03B86F00A6E3FF /* Debug */ = {
			isa = XCBuildConfiguration;
			buildSettings = {
				ASSETCATALOG_COMPILER_APPICON_NAME = AppIcon;
				ASSETCATALOG_COMPILER_GLOBAL_ACCENT_COLOR_NAME = AccentColor;
				CODE_SIGN_STYLE = Automatic;
				CURRENT_PROJECT_VERSION = 1;
				DEVELOPMENT_ASSET_PATHS = "\"Color/Preview Content\"";
				DEVELOPMENT_TEAM = KAG6TQNX26;
				ENABLE_PREVIEWS = YES;
				GENERATE_INFOPLIST_FILE = YES;
				INFOPLIST_FILE = Color/Info.plist;
				INFOPLIST_KEY_UIApplicationSceneManifest_Generation = YES;
				INFOPLIST_KEY_UIApplicationSupportsIndirectInputEvents = YES;
				INFOPLIST_KEY_UILaunchScreen_Generation = YES;
				INFOPLIST_KEY_UISupportedInterfaceOrientations_iPad = "UIInterfaceOrientationPortrait UIInterfaceOrientationPortraitUpsideDown UIInterfaceOrientationLandscapeLeft UIInterfaceOrientationLandscapeRight";
				INFOPLIST_KEY_UISupportedInterfaceOrientations_iPhone = "UIInterfaceOrientationPortrait UIInterfaceOrientationLandscapeLeft UIInterfaceOrientationLandscapeRight";
				LD_RUNPATH_SEARCH_PATHS = (
					"$(inherited)",
					"@executable_path/Frameworks",
				);
				MARKETING_VERSION = 1.0;
				PRODUCT_BUNDLE_IDENTIFIER = com.fine.Color;
				PRODUCT_NAME = "$(TARGET_NAME)";
				SWIFT_EMIT_LOC_STRINGS = YES;
				SWIFT_VERSION = 5.0;
				TARGETED_DEVICE_FAMILY = "1,2";
			};
			name = Debug;
		};
		1FB222E42B03B86F00A6E3FF /* Release */ = {
			isa = XCBuildConfiguration;
			buildSettings = {
				ASSETCATALOG_COMPILER_APPICON_NAME = AppIcon;
				ASSETCATALOG_COMPILER_GLOBAL_ACCENT_COLOR_NAME = AccentColor;
				CODE_SIGN_STYLE = Automatic;
				CURRENT_PROJECT_VERSION = 1;
				DEVELOPMENT_ASSET_PATHS = "\"Color/Preview Content\"";
				DEVELOPMENT_TEAM = KAG6TQNX26;
				ENABLE_PREVIEWS = YES;
				GENERATE_INFOPLIST_FILE = YES;
				INFOPLIST_FILE = Color/Info.plist;
				INFOPLIST_KEY_UIApplicationSceneManifest_Generation = YES;
				INFOPLIST_KEY_UIApplicationSupportsIndirectInputEvents = YES;
				INFOPLIST_KEY_UILaunchScreen_Generation = YES;
				INFOPLIST_KEY_UISupportedInterfaceOrientations_iPad = "UIInterfaceOrientationPortrait UIInterfaceOrientationPortraitUpsideDown UIInterfaceOrientationLandscapeLeft UIInterfaceOrientationLandscapeRight";
				INFOPLIST_KEY_UISupportedInterfaceOrientations_iPhone = "UIInterfaceOrientationPortrait UIInterfaceOrientationLandscapeLeft UIInterfaceOrientationLandscapeRight";
				LD_RUNPATH_SEARCH_PATHS = (
					"$(inherited)",
					"@executable_path/Frameworks",
				);
				MARKETING_VERSION = 1.0;
				PRODUCT_BUNDLE_IDENTIFIER = com.fine.Color;
				PRODUCT_NAME = "$(TARGET_NAME)";
				SWIFT_EMIT_LOC_STRINGS = YES;
				SWIFT_VERSION = 5.0;
				TARGETED_DEVICE_FAMILY = "1,2";
			};
			name = Release;
		};
/* End XCBuildConfiguration section */

/* Begin XCConfigurationList section */
		1FB222CD2B03B86D00A6E3FF /* Build configuration list for PBXProject "Color" */ = {
			isa = XCConfigurationList;
			buildConfigurations = (
				1FB222E02B03B86F00A6E3FF /* Debug */,
				1FB222E12B03B86F00A6E3FF /* Release */,
			);
			defaultConfigurationIsVisible = 0;
			defaultConfigurationName = Release;
		};
		1FB222E22B03B86F00A6E3FF /* Build configuration list for PBXNativeTarget "Color" */ = {
			isa = XCConfigurationList;
			buildConfigurations = (
				1FB222E32B03B86F00A6E3FF /* Debug */,
				1FB222E42B03B86F00A6E3FF /* Release */,
			);
			defaultConfigurationIsVisible = 0;
			defaultConfigurationName = Release;
		};
/* End XCConfigurationList section */
	};
	rootObject = 1FB222CA2B03B86D00A6E3FF /* Project object */;
}
